uuid: e48193db-2d45-49a8-ba27-17a62116de3a
langcode: en
status: true
dependencies:
  config:
    - views.view.group_pages_menu
  module:
    - ctools
    - node
    - views
  theme:
    - cloudy
id: views_block__group_pages_menu_group_pages_menu_block
theme: cloudy
region: menu
weight: 0
provider: null
plugin: 'views_block:group_pages_menu-group_pages_menu_block'
settings:
  id: 'views_block:group_pages_menu-group_pages_menu_block'
  label: ''
  provider: views
  label_display: '0'
  views_label: ''
  items_per_page: none
  context_mapping: {  }
visibility:
  'entity_bundle:node':
    id: 'entity_bundle:node'
    bundles:
      city_service: city_service
      page: page
    negate: false
    context_mapping:
      node: '@node.node_route_context:node'
  node_type:
    id: node_type
    bundles:
      city_service: city_service
      page: page
    negate: false
    context_mapping:
      node: '@node.node_route_context:node'
