uuid: aa25beee-5023-42c1-ba4d-22dc29164b5b
langcode: en
status: true
dependencies:
  config:
    - views.view.elected_official_menu
  module:
    - views
  theme:
    - cloudy
id: views_block__elected_official_menu_mega_menu_block
theme: cloudy
region: primary_menu
weight: 0
provider: null
plugin: 'views_block:elected_official_menu-mega_menu_block'
settings:
  id: 'views_block:elected_official_menu-mega_menu_block'
  label: ''
  provider: views
  label_display: visible
  views_label: ''
  items_per_page: none
visibility: {  }
