uuid: ddc74bda-c21b-4a5d-8414-914e5a3fe6ea
langcode: en
status: true
dependencies:
  config:
    - views.view.related_services
  module:
    - ctools
    - views
  theme:
    - stormy
id: views_block__related_services_block
theme: stormy
region: sidebar_first
weight: -6
provider: null
plugin: 'views_block:related_services-block_1'
settings:
  id: 'views_block:related_services-block_1'
  label: ''
  provider: views
  label_display: visible
  views_label: ''
  items_per_page: none
visibility:
  'entity_bundle:node':
    id: 'entity_bundle:node'
    bundles:
      city_service: city_service
    negate: false
    context_mapping:
      node: '@node.node_route_context:node'
