uuid: 1a2cd325-c61d-4225-80b8-0396535357e5
langcode: en
status: true
dependencies:
  config:
    - views.view.categories_on_a_node
  module:
    - ctools
    - views
  theme:
    - cloudy
id: cloudy_views_block__categories_on_a_node_block
theme: cloudy
region: sidebar_second
weight: -6
provider: null
plugin: 'views_block:categories_on_a_node-block_1'
settings:
  id: 'views_block:categories_on_a_node-block_1'
  label: ''
  provider: views
  label_display: visible
  views_label: ''
  items_per_page: none
  context_mapping: {  }
visibility:
  'entity_bundle:node':
    id: 'entity_bundle:node'
    bundles:
      city_service: city_service
      guide: guide
      information: information
      news: news
    negate: false
    context_mapping:
      node: '@node.node_route_context:node'
