uuid: 8c7434aa-830b-429e-bbca-c8bdb49b4caa
langcode: en
status: true
dependencies:
  module:
    - portland
    - system
    - user
  theme:
    - cloudy
id: portlandgrouprabbitholeblock
theme: cloudy
region: pre_content
weight: 0
provider: null
plugin: portland_group_rabbithole_block
settings:
  id: portland_group_rabbithole_block
  label: 'Portland Group Rabbit Hole Block'
  provider: portland
  label_display: '0'
visibility:
  user_role:
    id: user_role
    roles:
      authenticated: authenticated
    negate: false
    context_mapping:
      user: '@user.current_user_context:current_user'
  request_path:
    id: request_path
    pages: '/group/*'
    negate: false
    context_mapping: {  }
