uuid: 0e3fa42d-12c5-4b45-9eb0-605a1b7ce14a
langcode: en
status: true
dependencies:
  config:
    - views.view.categories_on_a_node
  module:
    - ctools
    - views
  theme:
    - stormy
id: views_block__categories_on_a_node_block
theme: stormy
region: sidebar_first
weight: -4
provider: null
plugin: 'views_block:categories_on_a_node-block_1'
settings:
  id: 'views_block:categories_on_a_node-block_1'
  label: ''
  provider: views
  label_display: visible
  views_label: ''
  items_per_page: none
  context_mapping: {  }
visibility:
  'entity_bundle:node':
    id: 'entity_bundle:node'
    bundles:
      city_service: city_service
      guide: guide
      information: information
      news: news
    negate: false
    context_mapping:
      node: '@node.node_route_context:node'
