uuid: 1f853733-6f4b-4dd9-b120-2dddea23a679
langcode: en
status: true
dependencies:
  config:
    - views.view.group_by_topic
  module:
    - views
  theme:
    - cloudy
id: views_block__group_by_topic_advisory_by_topic_block
theme: cloudy
region: content
weight: -9
provider: null
plugin: 'views_block:group_by_topic-advisory_by_topic_block'
settings:
  id: 'views_block:group_by_topic-advisory_by_topic_block'
  label: ''
  provider: views
  label_display: visible
  views_label: ''
  items_per_page: none
  context_mapping: {  }
visibility: {  }
