uuid: 32b7ef53-7f66-40b8-9544-c541958c4ce7
langcode: en
status: true
dependencies:
  config:
    - views.view.sitewide_group_events
  module:
    - ctools
    - system
    - views
  theme:
    - cloudy
id: views_block__sitewide_group_past_meetings_block
theme: cloudy
region: content
weight: -67
provider: null
plugin: 'views_block:sitewide_group_events-sitewide_group_past_meetings_block'
settings:
  id: 'views_block:sitewide_group_events-sitewide_group_past_meetings_block'
  label: ''
  provider: views
  label_display: visible
  views_label: ''
  items_per_page: none
visibility:
  'entity_bundle:group':
    id: 'entity_bundle:group'
    bundles:
      advisory_group: advisory_group
      bureau_office: bureau_office
      elected_official: elected_official
      program: program
      project: project
    negate: false
    context_mapping:
      group: '@group.group_route_context:group'
  request_path:
    id: request_path
    pages: '/group/*/*'
    negate: true
    context_mapping: {  }
