uuid: 54032bfa-dfd7-41c6-ba20-a4a67e8f7851
langcode: en
status: false
dependencies:
  module:
    - ctools
    - toc_js
  theme:
    - cloudy
id: toc.jsblock
theme: cloudy
region: content
weight: -10
provider: null
plugin: toc_js_block
settings:
  id: toc_js_block
  label: 'Toc.js block'
  provider: toc_js
  label_display: '0'
  title: 'On this page'
  selectors: 'h2, h3'
  selectors_minimum: '0'
  container: .text-formatted
  prefix: toc
  list_type: ul
  back_to_top: 0
  back_to_top_label: 'Back to top'
  smooth_scrolling: 1
  scroll_to_offset: '100'
  highlight_on_scroll: 1
  highlight_offset: '100'
  sticky: 0
  sticky_offset: '0'
  sticky_stop: ''
  sticky_stop_padding: '0'
visibility:
  'entity_bundle:node':
    id: 'entity_bundle:node'
    bundles:
      page: page
    negate: false
    context_mapping:
      node: '@node.node_route_context:node'
