uuid: 94e05fdc-87ec-410b-8617-d2d70ff8f9b8
langcode: en
status: true
dependencies:
  module:
    - portland
    - system
  theme:
    - cloudy
id: portlandlegacypathsblock
theme: cloudy
region: content
weight: -21
provider: null
plugin: portland_legacy_paths_block
settings:
  id: portland_legacy_paths_block
  label: 'Portland Legacy Paths Block'
  provider: portland
  label_display: '0'
visibility:
  request_path:
    id: request_path
    pages: '/*/edit'
    negate: false
    context_mapping: {  }
