uuid: db2558c0-c164-440c-87a7-4d930aade7c3
langcode: en
status: true
dependencies:
  module:
    - copyright_block
  theme:
    - cloudy
id: cloudy_copyrightblock
theme: cloudy
region: footer_fourth
weight: -28
provider: null
plugin: copyright_block
settings:
  id: copyright_block
  label: 'Copyright block'
  provider: copyright_block
  label_display: '0'
  start_year: '2018'
  seperator: '-'
  text:
    value: "<h2 class=\"h6\">City of Portland, Oregon</h2>\r\n<p><img alt=\"City of Portland, Oregon. 1851\" src=\"/themes/custom/cloudy/images/city-seal.png\" /></p>\r\n<p>© Copyright [copyright_statement:dates]</p>"
    format: full_html
visibility: {  }
