uuid: db2558c0-c164-440c-87a7-4d930aade7c3
langcode: en
status: true
dependencies:
  module:
    - copyright_block
  theme:
    - cloudy
id: cloudy_copyrightblock
theme: cloudy
region: footer_second
weight: 0
provider: null
plugin: copyright_block
settings:
  id: copyright_block
  label: 'Copyright block'
  provider: copyright_block
  label_display: '0'
  start_year: '2018'
  seperator: '-'
  text:
    value: "<p>© Copyright [copyright_statement:dates] City of Portland, Oregon, USA</p>\r\n"
    format: rich_text
visibility: {  }
