uuid: d25afe9a-cd9f-445f-867a-2ee7a8fd8a21
langcode: en
status: true
dependencies:
  module:
    - portland
    - system
    - user
  theme:
    - seven
id: seven_portlandgrouprabbitholeblock
theme: seven
region: pre_content
weight: -51
provider: null
plugin: portland_group_rabbithole_block
settings:
  id: portland_group_rabbithole_block
  label: 'Portland Group Rabbit Hole Block'
  provider: portland
  label_display: '0'
visibility:
  user_role:
    id: user_role
    roles:
      authenticated: authenticated
    negate: false
    context_mapping:
      user: '@user.current_user_context:current_user'
  request_path:
    id: request_path
    pages: '/group/*'
    negate: false
    context_mapping: {  }
