uuid: 40443779-2b6a-42ed-b0ce-216dd79d8887
langcode: en
status: true
dependencies:
  module:
    - portland
    - system
    - user
  theme:
    - cloudy
id: portlandrevisionblock
theme: cloudy
region: pre_content
weight: -18
provider: null
plugin: portland_revision_block
settings:
  id: portland_revision_block
  label: 'Portland Revision Block'
  provider: portland
  label_display: '0'
visibility:
  request_path:
    id: request_path
    pages: "/node/*/revisions/*/view\r\n/node/*/latest\r\n/node/*"
    negate: false
    context_mapping: {  }
  user_role:
    id: user_role
    roles:
      authenticated: authenticated
    negate: false
    context_mapping:
      user: '@user.current_user_context:current_user'
