uuid: baa5d7fb-b855-47fb-84ca-64d8aeef5fc9
langcode: en
status: true
dependencies:
  module:
    - copyright_block
  theme:
    - seven
id: seven_copyrightblock
theme: seven
region: header
weight: -28
provider: null
plugin: copyright_block
settings:
  id: copyright_block
  label: 'Copyright block'
  provider: copyright_block
  label_display: '0'
  start_year: '2018'
  separator: null
  text:
    value: "<h2 class=\"h6\">City of Portland, Oregon</h2>\r\n\r\n<p><img alt=\"Portland City Seal\" src=\"/themes/custom/cloudy/images/city-seal.png\" /></p>\r\n\r\n<p>© Copyright [copyright_statement:dates]</p>\r\n"
    format: full_html
  seperator: '-'
visibility: {  }
