uuid: 94e05fdc-87ec-410b-8617-d2d70ff8f9b8
langcode: en
status: true
dependencies:
  module:
    - portland
    - system
    - user
  theme:
    - cloudy
id: portlandlegacypathsblock
theme: cloudy
region: content
weight: -10
provider: null
plugin: portland_legacy_paths_block
settings:
  id: portland_legacy_paths_block
  label: 'Portland Legacy Paths Block'
  provider: portland
  label_display: '0'
visibility:
  user_role:
    id: user_role
    roles:
      publisher: publisher
      sitewide_editor: sitewide_editor
      administrator: administrator
    negate: false
    context_mapping:
      user: '@user.current_user_context:current_user'
  request_path:
    id: request_path
    pages: '/*/edit'
    negate: true
    context_mapping: {  }
