uuid: aaaf2d53-9cd1-437b-85ba-74ede462be26
langcode: en
status: true
dependencies:
  config:
    - views.view.search_database_content
  module:
    - group
    - views
  theme:
    - cloudy
id: views_block__search_database_content_featured_blog_block
theme: cloudy
region: content
weight: -21
provider: null
plugin: 'views_block:search_database_content-featured_blog_block'
settings:
  id: 'views_block:search_database_content-featured_blog_block'
  label: ''
  provider: views
  label_display: visible
  views_label: ''
  items_per_page: none
visibility:
  group_type:
    id: group_type
    group_types:
      bureau_office: bureau_office
      advisory_group: advisory_group
      elected_official: elected_official
      program: program
      project: project
    negate: false
    context_mapping:
      group: '@group.group_route_context:group'
