uuid: 8ba84ede-86cc-48e3-9321-bbb3a2ec09a0
langcode: en
status: true
dependencies:
  config:
    - views.view.top_searches
  module:
    - system
    - views
  theme:
    - cloudy
id: views_block__top_searches_block
theme: cloudy
region: featured_top
weight: -16
provider: null
plugin: 'views_block:top_searches-block_1'
settings:
  id: 'views_block:top_searches-block_1'
  label: ''
  provider: views
  label_display: '0'
  views_label: ''
  items_per_page: none
visibility:
  request_path:
    id: request_path
    pages: '<front>'
    negate: false
    context_mapping: {  }
