uuid: 790cfccc-d9bf-484b-8162-f5cab0d34cf7
langcode: en
status: true
dependencies:
  config:
    - views.view.sitewide_group_news
  module:
    - system
    - views
  theme:
    - cloudy
id: views_block__sitewide_group_featured_news_block
theme: cloudy
region: content
weight: -70
provider: null
plugin: 'views_block:sitewide_group_news-sitewide_group_featured_news_block'
settings:
  id: 'views_block:sitewide_group_news-sitewide_group_featured_news_block'
  label: ''
  provider: views
  label_display: visible
  views_label: ''
  items_per_page: none
visibility:
  request_path:
    id: request_path
    pages: '/group/*/*'
    negate: true
    context_mapping: {  }
