uuid: 8c7434aa-830b-429e-bbca-c8bdb49b4caa
langcode: en
status: true
dependencies:
  module:
    - portland
    - system
    - user
  theme:
    - cloudy
id: portlandgrouprevisionblock
theme: cloudy
region: pre_content
weight: -51
provider: null
plugin: portland_group_revision_block
settings:
  id: portland_group_revision_block
  label: 'Portland Group Revision Block'
  label_display: '0'
  provider: portland
visibility:
  request_path:
    id: request_path
    negate: false
    context_mapping: {  }
    pages: '/group/*'
  user_role:
    id: user_role
    negate: false
    context_mapping:
      user: '@user.current_user_context:current_user'
    roles:
      authenticated: authenticated
