uuid: 161110e2-d983-4d49-86de-1851fd1235b4
langcode: en
status: true
dependencies:
  module:
    - portland
  theme:
    - cloudy
id: portlandloginblock
theme: cloudy
region: footer_fourth
weight: -28
provider: null
plugin: portland_login_block
settings:
  id: portland_login_block
  label: 'Editor Log in/out'
  provider: portland
  label_display: '0'
visibility: {  }
