uuid: dfde86b7-01a3-4086-95bf-faf698386917
langcode: en
status: true
dependencies:
  module:
    - copyright_block
  theme:
    - stormy
id: copyrightblock
theme: stormy
region: footer_second
weight: 0
provider: null
plugin: copyright_block
settings:
  id: copyright_block
  label: 'Copyright block'
  provider: copyright_block
  label_display: '0'
  start_year: '2018'
  seperator: '-'
  text:
    value: '&copy; Copyright [copyright_statement:dates] City of Portland, Oregon, USA'
    format: rich_text
visibility: {  }
