uuid: cd15fb49-53a3-4a56-bf54-005b2137720a
langcode: en
status: true
dependencies:
  module:
    - portland
  theme:
    - seven
id: seven_portlandloginblock
theme: seven
region: header
weight: -28
provider: null
plugin: portland_login_block
settings:
  id: portland_login_block
  label: 'Editor Log in/out'
  provider: portland
  label_display: '0'
visibility: {  }
