uuid: 08f68fdc-7255-4aee-9f5f-90013e24f6ed
langcode: en
status: true
dependencies:
  config:
    - views.view.group_by_topic
  module:
    - views
  theme:
    - cloudy
id: views_block__group_by_topic_strategic_projects_block
theme: cloudy
region: content
weight: -9
provider: null
plugin: 'views_block:group_by_topic-strategic_projects_block'
settings:
  id: 'views_block:group_by_topic-strategic_projects_block'
  label: ''
  provider: views
  label_display: visible
  views_label: ''
  items_per_page: none
  context_mapping: {  }
visibility: {  }
