uuid: d01db289-326e-4479-a64e-efd94f3c979f
langcode: en
status: true
dependencies:
  config:
    - field.storage.group.field_disable_legacy_paths_block
    - group.type.project
  module:
    - custom_add_another
third_party_settings:
  custom_add_another:
    custom_add_another: ''
    custom_remove: ''
id: group.project.field_disable_legacy_paths_block
field_name: field_disable_legacy_paths_block
entity_type: group
bundle: project
label: 'Disable Legacy Paths Test Block'
description: 'Checking this box will disable the block that renders legacy paths as links for testing. Disable the block after testing is complete to hide it.'
required: false
translatable: false
default_value:
  -
    value: 0
default_value_callback: ''
settings:
  on_label: 'On'
  off_label: 'Off'
field_type: boolean
