uuid: ee22bc51-567e-468c-b92a-4703e9102ba7
langcode: en
status: true
dependencies:
  config:
    - field.storage.group.field_disable_legacy_paths_block
    - group.type.base_group
  module:
    - tmgmt_content
third_party_settings:
  tmgmt_content:
    excluded: false
id: group.base_group.field_disable_legacy_paths_block
field_name: field_disable_legacy_paths_block
entity_type: group
bundle: base_group
label: 'Disable URL redirects block'
description: 'Checking this box will remove the URL redirects block that is visible to authenticated users. It will be removed from the group homepage and all other pages in the group.'
required: false
translatable: false
default_value:
  -
    value: 0
default_value_callback: ''
settings:
  on_label: 'On'
  off_label: 'Off'
field_type: boolean
