lockfileVersion: '9.0'

settings:
  autoInstallPeers: true
  excludeLinksFromLockfile: false

importers:

  .:
    dependencies:
      '@cityofportland/components-drupal':
        specifier: 1.0.0-alpha.1
        version: 1.0.0-alpha.1

packages:

  '@cityofportland/components-drupal@1.0.0-alpha.1':
    resolution: {integrity: sha512-Cw9CP0Q/e3fsu3A9N67jnKKC3V6E5+w977mbEMdrJO3WBK4jy1Ly7RMz4Suu8z4NU207d3AY3KQQrgdcwMcbgg==}

  '@drupal/once@1.0.1':
    resolution: {integrity: sha512-O8tQmNDBgSm3ADuFZ5OZlGxsrdsc+pEqd1NBoMpSzWwiOnWwC91tqDwnlX+mDh7sBJoJ+4vVwFh0NLUV4LPFvg==}

  zod@4.4.3:
    resolution: {integrity: sha512-ytENFjIJFl2UwYglde2jchW2Hwm4GJFLDiSXWdTrJQBIN9Fcyp7n4DhxJEiWNAJMV1/BqWfW/kkg71UDcHJyTQ==}

snapshots:

  '@cityofportland/components-drupal@1.0.0-alpha.1':
    dependencies:
      '@drupal/once': 1.0.1
      zod: 4.4.3

  '@drupal/once@1.0.1': {}

  zod@4.4.3: {}
